
Microsoft Visual Studio Solution File, Format Version 12.00
# Visual Studio Version 16
VisualStudioVersion = 16.0.29519.181
MinimumVisualStudioVersion = 10.0.40219.1
Project("{9A19103F-16F7-4668-BE54-9A1E7A4F7556}") = "ocas", "ocas.csproj", "{45C99822-8CFB-4676-AB3F-148E14E6F75D}"
EndProject
Global
	GlobalSection(SolutionConfigurationPlatforms) = preSolution
		Debug|Any CPU = Debug|Any CPU
		Release|Any CPU = Release|Any CPU
	EndGlobalSection
	GlobalSection(ProjectConfigurationPlatforms) = postSolution
		{45C99822-8CFB-4676-AB3F-148E14E6F75D}.Debug|Any CPU.ActiveCfg = Debug|Any CPU
		{45C99822-8CFB-4676-AB3F-148E14E6F75D}.Debug|Any CPU.Build.0 = Debug|Any CPU
		{45C99822-8CFB-4676-AB3F-148E14E6F75D}.Release|Any CPU.ActiveCfg = Release|Any CPU
		{45C99822-8CFB-4676-AB3F-148E14E6F75D}.Release|Any CPU.Build.0 = Release|Any CPU
	EndGlobalSection
	GlobalSection(SolutionProperties) = preSolution
		HideSolutionNode = FALSE
	EndGlobalSection
	GlobalSection(ExtensibilityGlobals) = postSolution
		SolutionGuid = {F91E0499-C558-4292-AAFC-57AB294C7DCA}
	EndGlobalSection
EndGlobal
